
Microsoft Visual Studio Solution File, Format Version 12.00
# Visual Studio Version 17
VisualStudioVersion = 17.4.33205.214
MinimumVisualStudioVersion = 10.0.40219.1
Project("{9A19103F-16F7-4668-BE54-9A1E7A4F7556}") = "JwtApp.Back", "JwtApp.Back\JwtApp.Back.csproj", "{55CDD089-F797-433E-A647-278B679CB834}"
EndProject
Project("{9A19103F-16F7-4668-BE54-9A1E7A4F7556}") = "JwtApp.Front", "JwtApp.Front\JwtApp.Front.csproj", "{8AD83A3B-ECB5-436B-B9D1-67E9754250D9}"
EndProject
Project("{2150E333-8FDC-42A3-9474-1A3956D46DE8}") = "Onion", "Onion", "{8742B0B0-1801-411E-91A0-C8C467F0333A}"
EndProject
Project("{2150E333-8FDC-42A3-9474-1A3956D46DE8}") = "Core", "Core", "{68D35D46-3D9A-48D7-8AB1-C57FFA4224DF}"
EndProject
Project("{2150E333-8FDC-42A3-9474-1A3956D46DE8}") = "Infrastructure", "Infrastructure", "{F1F8168F-51F9-45F3-B2CE-B6EBC1BDA8AC}"
EndProject
Project("{2150E333-8FDC-42A3-9474-1A3956D46DE8}") = "Presentation", "Presentation", "{3AD9E61E-3F09-486C-9C3B-248CCA099463}"
EndProject
Project("{FAE04EC0-301F-11D3-BF4B-00C04F79EFBC}") = "Onion.JwtApp.Domain", "Onion\Core\Onion.JwtApp.Domain\Onion.JwtApp.Domain.csproj", "{A940D7BD-02EB-42DF-A7F1-B083F5CA5F46}"
EndProject
Project("{FAE04EC0-301F-11D3-BF4B-00C04F79EFBC}") = "Onion.JwpApp.Application", "Onion\Core\Onion.JwpApp.Application\Onion.JwpApp.Application.csproj", "{10EF39BF-2DFA-4A1E-8D5B-65063426D9A4}"
EndProject
Project("{FAE04EC0-301F-11D3-BF4B-00C04F79EFBC}") = "Onion.JwpApp.Persistence", "Onion\Infrastructure\Onion.JwpApp.Persistance\Onion.JwpApp.Persistence.csproj", "{28DD0A30-6A62-421B-A165-F1A9FDB941B2}"
EndProject
Project("{FAE04EC0-301F-11D3-BF4B-00C04F79EFBC}") = "Onion.JwtApp.API", "Onion\Presentation\Onion.JwtApp.API\Onion.JwtApp.API.csproj", "{4781E96E-C70A-4FEF-A92C-2689F2CF552E}"
EndProject
Global
	GlobalSection(SolutionConfigurationPlatforms) = preSolution
		Debug|Any CPU = Debug|Any CPU
		Release|Any CPU = Release|Any CPU
	EndGlobalSection
	GlobalSection(ProjectConfigurationPlatforms) = postSolution
		{55CDD089-F797-433E-A647-278B679CB834}.Debug|Any CPU.ActiveCfg = Debug|Any CPU
		{55CDD089-F797-433E-A647-278B679CB834}.Debug|Any CPU.Build.0 = Debug|Any CPU
		{55CDD089-F797-433E-A647-278B679CB834}.Release|Any CPU.ActiveCfg = Release|Any CPU
		{55CDD089-F797-433E-A647-278B679CB834}.Release|Any CPU.Build.0 = Release|Any CPU
		{8AD83A3B-ECB5-436B-B9D1-67E9754250D9}.Debug|Any CPU.ActiveCfg = Debug|Any CPU
		{8AD83A3B-ECB5-436B-B9D1-67E9754250D9}.Debug|Any CPU.Build.0 = Debug|Any CPU
		{8AD83A3B-ECB5-436B-B9D1-67E9754250D9}.Release|Any CPU.ActiveCfg = Release|Any CPU
		{8AD83A3B-ECB5-436B-B9D1-67E9754250D9}.Release|Any CPU.Build.0 = Release|Any CPU
		{A940D7BD-02EB-42DF-A7F1-B083F5CA5F46}.Debug|Any CPU.ActiveCfg = Debug|Any CPU
		{A940D7BD-02EB-42DF-A7F1-B083F5CA5F46}.Debug|Any CPU.Build.0 = Debug|Any CPU
		{A940D7BD-02EB-42DF-A7F1-B083F5CA5F46}.Release|Any CPU.ActiveCfg = Release|Any CPU
		{A940D7BD-02EB-42DF-A7F1-B083F5CA5F46}.Release|Any CPU.Build.0 = Release|Any CPU
		{10EF39BF-2DFA-4A1E-8D5B-65063426D9A4}.Debug|Any CPU.ActiveCfg = Debug|Any CPU
		{10EF39BF-2DFA-4A1E-8D5B-65063426D9A4}.Debug|Any CPU.Build.0 = Debug|Any CPU
		{10EF39BF-2DFA-4A1E-8D5B-65063426D9A4}.Release|Any CPU.ActiveCfg = Release|Any CPU
		{10EF39BF-2DFA-4A1E-8D5B-65063426D9A4}.Release|Any CPU.Build.0 = Release|Any CPU
		{28DD0A30-6A62-421B-A165-F1A9FDB941B2}.Debug|Any CPU.ActiveCfg = Debug|Any CPU
		{28DD0A30-6A62-421B-A165-F1A9FDB941B2}.Debug|Any CPU.Build.0 = Debug|Any CPU
		{28DD0A30-6A62-421B-A165-F1A9FDB941B2}.Release|Any CPU.ActiveCfg = Release|Any CPU
		{28DD0A30-6A62-421B-A165-F1A9FDB941B2}.Release|Any CPU.Build.0 = Release|Any CPU
		{4781E96E-C70A-4FEF-A92C-2689F2CF552E}.Debug|Any CPU.ActiveCfg = Debug|Any CPU
		{4781E96E-C70A-4FEF-A92C-2689F2CF552E}.Debug|Any CPU.Build.0 = Debug|Any CPU
		{4781E96E-C70A-4FEF-A92C-2689F2CF552E}.Release|Any CPU.ActiveCfg = Release|Any CPU
		{4781E96E-C70A-4FEF-A92C-2689F2CF552E}.Release|Any CPU.Build.0 = Release|Any CPU
	EndGlobalSection
	GlobalSection(SolutionProperties) = preSolution
		HideSolutionNode = FALSE
	EndGlobalSection
	GlobalSection(NestedProjects) = preSolution
		{68D35D46-3D9A-48D7-8AB1-C57FFA4224DF} = {8742B0B0-1801-411E-91A0-C8C467F0333A}
		{F1F8168F-51F9-45F3-B2CE-B6EBC1BDA8AC} = {8742B0B0-1801-411E-91A0-C8C467F0333A}
		{3AD9E61E-3F09-486C-9C3B-248CCA099463} = {8742B0B0-1801-411E-91A0-C8C467F0333A}
		{A940D7BD-02EB-42DF-A7F1-B083F5CA5F46} = {68D35D46-3D9A-48D7-8AB1-C57FFA4224DF}
		{10EF39BF-2DFA-4A1E-8D5B-65063426D9A4} = {68D35D46-3D9A-48D7-8AB1-C57FFA4224DF}
		{28DD0A30-6A62-421B-A165-F1A9FDB941B2} = {F1F8168F-51F9-45F3-B2CE-B6EBC1BDA8AC}
		{4781E96E-C70A-4FEF-A92C-2689F2CF552E} = {3AD9E61E-3F09-486C-9C3B-248CCA099463}
	EndGlobalSection
	GlobalSection(ExtensibilityGlobals) = postSolution
		SolutionGuid = {2FA1BCB3-9B68-458E-B788-0BB99EF3308D}
	EndGlobalSection
EndGlobal
